
Microsoft Visual Studio Solution File, Format Version 12.00
# Visual Studio Version 17
VisualStudioVersion = 17.14.36623.8 d17.14
MinimumVisualStudioVersion = 10.0.40219.1
Project("{FAE04EC0-301F-11D3-BF4B-00C04F79EFBC}") = "TAProgramme", "TAProgramme\TAProgramme.csproj", "{2A791AC3-1FB7-486A-8AD4-C0C6BBDB3AA4}"
EndProject
Global
	GlobalSection(SolutionConfigurationPlatforms) = preSolution
		Debug|Any CPU = Debug|Any CPU
		Release|Any CPU = Release|Any CPU
	EndGlobalSection
	GlobalSection(ProjectConfigurationPlatforms) = postSolution
		{2A791AC3-1FB7-486A-8AD4-C0C6BBDB3AA4}.Debug|Any CPU.ActiveCfg = Debug|Any CPU
		{2A791AC3-1FB7-486A-8AD4-C0C6BBDB3AA4}.Debug|Any CPU.Build.0 = Debug|Any CPU
		{2A791AC3-1FB7-486A-8AD4-C0C6BBDB3AA4}.Release|Any CPU.ActiveCfg = Release|Any CPU
		{2A791AC3-1FB7-486A-8AD4-C0C6BBDB3AA4}.Release|Any CPU.Build.0 = Release|Any CPU
	EndGlobalSection
	GlobalSection(SolutionProperties) = preSolution
		HideSolutionNode = FALSE
	EndGlobalSection
	GlobalSection(ExtensibilityGlobals) = postSolution
		SolutionGuid = {D0378EB7-11A0-4FD7-9379-0EB678F01215}
	EndGlobalSection
EndGlobal
